// !$*UTF8*$!
{
	archiveVersion = 1;
	classes = {
	};
	objectVersion = 50;
	objects = {

/* Begin PBXBuildFile section */
		8B6309D1255AE47200B89E59 /* AppDelegate.swift in Sources */ = {isa = PBXBuildFile; fileRef = 8B6309D0255AE47200B89E59 /* AppDelegate.swift */; };
		8B6309D3255AE47200B89E59 /* SceneDelegate.swift in Sources */ = {isa = PBXBuildFile; fileRef = 8B6309D2255AE47200B89E59 /* SceneDelegate.swift */; };
		8B6309D5255AE47200B89E59 /* ViewController.swift in Sources */ = {isa = PBXBuildFile; fileRef = 8B6309D4255AE47200B89E59 /* ViewController.swift */; };
		8B6309D8255AE47200B89E59 /* Main.storyboard in Resources */ = {isa = PBXBuildFile; fileRef = 8B6309D6255AE47200B89E59 /* Main.storyboard */; };
		8B6309DA255AE47300B89E59 /* Assets.xcassets in Resources */ = {isa = PBXBuildFile; fileRef = 8B6309D9255AE47300B89E59 /* Assets.xcassets */; };
		8B6309DD255AE47300B89E59 /* LaunchScreen.storyboard in Resources */ = {isa = PBXBuildFile; fileRef = 8B6309DB255AE47300B89E59 /* LaunchScreen.storyboard */; };
		8B6309E8255AE47300B89E59 /* sampleTests.swift in Sources */ = {isa = PBXBuildFile; fileRef = 8B6309E7255AE47300B89E59 /* sampleTests.swift */; };
		8B6309F3255AE47300B89E59 /* sampleUITests.swift in Sources */ = {isa = PBXBuildFile; fileRef = 8B6309F2255AE47300B89E59 /* sampleUITests.swift */; };
/* End PBXBuildFile section */

/* Begin PBXContainerItemProxy section */
		8B6309E4255AE47300B89E59 /* PBXContainerItemProxy */ = {
			isa = PBXContainerItemProxy;
			containerPortal = 8B6309C5255AE47200B89E59 /* Project object */;
			proxyType = 1;
			remoteGlobalIDString = 8B6309CC255AE47200B89E59;
			remoteInfo = sample;
		};
		8B6309EF255AE47300B89E59 /* PBXContainerItemProxy */ = {
			isa = PBXContainerItemProxy;
			containerPortal = 8B6309C5255AE47200B89E59 /* Project object */;
			proxyType = 1;
			remoteGlobalIDString = 8B6309CC255AE47200B89E59;
			remoteInfo = sample;
		};
/* End PBXContainerItemProxy section */

/* Begin PBXFileReference section */
		8B6309CD255AE47200B89E59 /* sample.app */ = {isa = PBXFileReference; explicitFileType = wrapper.application; includeInIndex = 0; path = sample.app; sourceTree = BUILT_PRODUCTS_DIR; };
		8B6309D0255AE47200B89E59 /* AppDelegate.swift */ = {isa = PBXFileReference; lastKnownFileType = sourcecode.swift; path = AppDelegate.swift; sourceTree = "<group>"; };
		8B6309D2255AE47200B89E59 /* SceneDelegate.swift */ = {isa = PBXFileReference; lastKnownFileType = sourcecode.swift; path = SceneDelegate.swift; sourceTree = "<group>"; };
		8B6309D4255AE47200B89E59 /* ViewController.swift */ = {isa = PBXFileReference; lastKnownFileType = sourcecode.swift; path = ViewController.swift; sourceTree = "<group>"; };
		8B6309D7255AE47200B89E59 /* Base */ = {isa = PBXFileReference; lastKnownFileType = file.storyboard; name = Base; path = Base.lproj/Main.storyboard; sourceTree = "<group>"; };
		8B6309D9255AE47300B89E59 /* Assets.xcassets */ = {isa = PBXFileReference; lastKnownFileType = folder.assetcatalog; path = Assets.xcassets; sourceTree = "<group>"; };
		8B6309DC255AE47300B89E59 /* Base */ = {isa = PBXFileReference; lastKnownFileType = file.storyboard; name = Base; path = Base.lproj/LaunchScreen.storyboard; sourceTree = "<group>"; };
		8B6309DE255AE47300B89E59 /* Info.plist */ = {isa = PBXFileReference; lastKnownFileType = text.plist.xml; path = Info.plist; sourceTree = "<group>"; };
		8B6309E3255AE47300B89E59 /* sampleTests.xctest */ = {isa = PBXFileReference; explicitFileType = wrapper.cfbundle; includeInIndex = 0; path = sampleTests.xctest; sourceTree = BUILT_PRODUCTS_DIR; };
		8B6309E7255AE47300B89E59 /* sampleTests.swift */ = {isa = PBXFileReference; lastKnownFileType = sourcecode.swift; path = sampleTests.swift; sourceTree = "<group>"; };
		8B6309E9255AE47300B89E59 /* Info.plist */ = {isa = PBXFileReference; lastKnownFileType = text.plist.xml; path = Info.plist; sourceTree = "<group>"; };
		8B6309EE255AE47300B89E59 /* sampleUITests.xctest */ = {isa = PBXFileReference; explicitFileType = wrapper.cfbundle; includeInIndex = 0; path = sampleUITests.xctest; sourceTree = BUILT_PRODUCTS_DIR; };
		8B6309F2255AE47300B89E59 /* sampleUITests.swift */ = {isa = PBXFileReference; lastKnownFileType = sourcecode.swift; path = sampleUITests.swift; sourceTree = "<group>"; };
		8B6309F4255AE47300B89E59 /* Info.plist */ = {isa = PBXFileReference; lastKnownFileType = text.plist.xml; path = Info.plist; sourceTree = "<group>"; };
/* End PBXFileReference section */

/* Begin PBXFrameworksBuildPhase section */
		8B6309CA255AE47200B89E59 /* Frameworks */ = {
			isa = PBXFrameworksBuildPhase;
			buildActionMask = 2147483647;
			files = (
			);
			runOnlyForDeploymentPostprocessing = 0;
		};
		8B6309E0255AE47300B89E59 /* Frameworks */ = {
			isa = PBXFrameworksBuildPhase;
			buildActionMask = 2147483647;
			files = (
			);
			runOnlyForDeploymentPostprocessing = 0;
		};
		8B6309EB255AE47300B89E59 /* Frameworks */ = {
			isa = PBXFrameworksBuildPhase;
			buildActionMask = 2147483647;
			files = (
			);
			runOnlyForDeploymentPostprocessing = 0;
		};
/* End PBXFrameworksBuildPhase section */

/* Begin PBXGroup section */
		8B6309C4255AE47200B89E59 = {
			isa = PBXGroup;
			children = (
				8B6309CF255AE47200B89E59 /* sample */,
				8B6309E6255AE47300B89E59 /* sampleTests */,
				8B6309F1255AE47300B89E59 /* sampleUITests */,
				8B6309CE255AE47200B89E59 /* Products */,
			);
			sourceTree = "<group>";
		};
		8B6309CE255AE47200B89E59 /* Products */ = {
			isa = PBXGroup;
			children = (
				8B6309CD255AE47200B89E59 /* sample.app */,
				8B6309E3255AE47300B89E59 /* sampleTests.xctest */,
				8B6309EE255AE47300B89E59 /* sampleUITests.xctest */,
			);
			name = Products;
			sourceTree = "<group>";
		};
		8B6309CF255AE47200B89E59 /* sample */ = {
			isa = PBXGroup;
			children = (
				8B6309D0255AE47200B89E59 /* AppDelegate.swift */,
				8B6309D2255AE47200B89E59 /* SceneDelegate.swift */,
				8B6309D4255AE47200B89E59 /* ViewController.swift */,
				8B6309D6255AE47200B89E59 /* Main.storyboard */,
				8B6309D9255AE47300B89E59 /* Assets.xcassets */,
				8B6309DB255AE47300B89E59 /* LaunchScreen.storyboard */,
				8B6309DE255AE47300B89E59 /* Info.plist */,
			);
			path = sample;
			sourceTree = "<group>";
		};
		8B6309E6255AE47300B89E59 /* sampleTests */ = {
			isa = PBXGroup;
			children = (
				8B6309E7255AE47300B89E59 /* sampleTests.swift */,
				8B6309E9255AE47300B89E59 /* Info.plist */,
			);
			path = sampleTests;
			sourceTree = "<group>";
		};
		8B6309F1255AE47300B89E59 /* sampleUITests */ = {
			isa = PBXGroup;
			children = (
				8B6309F2255AE47300B89E59 /* sampleUITests.swift */,
				8B6309F4255AE47300B89E59 /* Info.plist */,
			);
			path = sampleUITests;
			sourceTree = "<group>";
		};
/* End PBXGroup section */

/* Begin PBXNativeTarget section */
		8B6309CC255AE47200B89E59 /* sample */ = {
			isa = PBXNativeTarget;
			buildConfigurationList = 8B6309F7255AE47300B89E59 /* Build configuration list for PBXNativeTarget "sample" */;
			buildPhases = (
				8B6309C9255AE47200B89E59 /* Sources */,
				8B6309CA255AE47200B89E59 /* Frameworks */,
				8B6309CB255AE47200B89E59 /* Resources */,
			);
			buildRules = (
			);
			dependencies = (
			);
			name = sample;
			productName = sample;
			productReference = 8B6309CD255AE47200B89E59 /* sample.app */;
			productType = "com.apple.product-type.application";
		};
		8B6309E2255AE47300B89E59 /* sampleTests */ = {
			isa = PBXNativeTarget;
			buildConfigurationList = 8B6309FA255AE47300B89E59 /* Build configuration list for PBXNativeTarget "sampleTests" */;
			buildPhases = (
				8B6309DF255AE47300B89E59 /* Sources */,
				8B6309E0255AE47300B89E59 /* Frameworks */,
				8B6309E1255AE47300B89E59 /* Resources */,
			);
			buildRules = (
			);
			dependencies = (
				8B6309E5255AE47300B89E59 /* PBXTargetDependency */,
			);
			name = sampleTests;
			productName = sampleTests;
			productReference = 8B6309E3255AE47300B89E59 /* sampleTests.xctest */;
			productType = "com.apple.product-type.bundle.unit-test";
		};
		8B6309ED255AE47300B89E59 /* sampleUITests */ = {
			isa = PBXNativeTarget;
			buildConfigurationList = 8B6309FD255AE47300B89E59 /* Build configuration list for PBXNativeTarget "sampleUITests" */;
			buildPhases = (
				8B6309EA255AE47300B89E59 /* Sources */,
				8B6309EB255AE47300B89E59 /* Frameworks */,
				8B6309EC255AE47300B89E59 /* Resources */,
			);
			buildRules = (
			);
			dependencies = (
				8B6309F0255AE47300B89E59 /* PBXTargetDependency */,
			);
			name = sampleUITests;
			productName = sampleUITests;
			productReference = 8B6309EE255AE47300B89E59 /* sampleUITests.xctest */;
			productType = "com.apple.product-type.bundle.ui-testing";
		};
/* End PBXNativeTarget section */

/* Begin PBXProject section */
		8B6309C5255AE47200B89E59 /* Project object */ = {
			isa = PBXProject;
			attributes = {
				LastSwiftUpdateCheck = 1210;
				LastUpgradeCheck = 1210;
				TargetAttributes = {
					8B6309CC255AE47200B89E59 = {
						CreatedOnToolsVersion = 12.1;
					};
					8B6309E2255AE47300B89E59 = {
						CreatedOnToolsVersion = 12.1;
						TestTargetID = 8B6309CC255AE47200B89E59;
					};
					8B6309ED255AE47300B89E59 = {
						CreatedOnToolsVersion = 12.1;
						TestTargetID = 8B6309CC255AE47200B89E59;
					};
				};
			};
			buildConfigurationList = 8B6309C8255AE47200B89E59 /* Build configuration list for PBXProject "sample" */;
			compatibilityVersion = "Xcode 9.3";
			developmentRegion = en;
			hasScannedForEncodings = 0;
			knownRegions = (
				en,
				Base,
			);
			mainGroup = 8B6309C4255AE47200B89E59;
			productRefGroup = 8B6309CE255AE47200B89E59 /* Products */;
			projectDirPath = "";
			projectRoot = "";
			targets = (
				8B6309CC255AE47200B89E59 /* sample */,
				8B6309E2255AE47300B89E59 /* sampleTests */,
				8B6309ED255AE47300B89E59 /* sampleUITests */,
			);
		};
/* End PBXProject section */

/* Begin PBXResourcesBuildPhase section */
		8B6309CB255AE47200B89E59 /* Resources */ = {
			isa = PBXResourcesBuildPhase;
			buildActionMask = 2147483647;
			files = (
				8B6309DD255AE47300B89E59 /* LaunchScreen.storyboard in Resources */,
				8B6309DA255AE47300B89E59 /* Assets.xcassets in Resources */,
				8B6309D8255AE47200B89E59 /* Main.storyboard in Resources */,
			);
			runOnlyForDeploymentPostprocessing = 0;
		};
		8B6309E1255AE47300B89E59 /* Resources */ = {
			isa = PBXResourcesBuildPhase;
			buildActionMask = 2147483647;
			files = (
			);
			runOnlyForDeploymentPostprocessing = 0;
		};
		8B6309EC255AE47300B89E59 /* Resources */ = {
			isa = PBXResourcesBuildPhase;
			buildActionMask = 2147483647;
			files = (
			);
			runOnlyForDeploymentPostprocessing = 0;
		};
/* End PBXResourcesBuildPhase section */

/* Begin PBXSourcesBuildPhase section */
		8B6309C9255AE47200B89E59 /* Sources */ = {
			isa = PBXSourcesBuildPhase;
			buildActionMask = 2147483647;
			files = (
				8B6309D5255AE47200B89E59 /* ViewController.swift in Sources */,
				8B6309D1255AE47200B89E59 /* AppDelegate.swift in Sources */,
				8B6309D3255AE47200B89E59 /* SceneDelegate.swift in Sources */,
			);
			runOnlyForDeploymentPostprocessing = 0;
		};
		8B6309DF255AE47300B89E59 /* Sources */ = {
			isa = PBXSourcesBuildPhase;
			buildActionMask = 2147483647;
			files = (
				8B6309E8255AE47300B89E59 /* sampleTests.swift in Sources */,
			);
			runOnlyForDeploymentPostprocessing = 0;
		};
		8B6309EA255AE47300B89E59 /* Sources */ = {
			isa = PBXSourcesBuildPhase;
			buildActionMask = 2147483647;
			files = (
				8B6309F3255AE47300B89E59 /* sampleUITests.swift in Sources */,
			);
			runOnlyForDeploymentPostprocessing = 0;
		};
/* End PBXSourcesBuildPhase section */

/* Begin PBXTargetDependency section */
		8B6309E5255AE47300B89E59 /* PBXTargetDependency */ = {
			isa = PBXTargetDependency;
			target = 8B6309CC255AE47200B89E59 /* sample */;
			targetProxy = 8B6309E4255AE47300B89E59 /* PBXContainerItemProxy */;
		};
		8B6309F0255AE47300B89E59 /* PBXTargetDependency */ = {
			isa = PBXTargetDependency;
			target = 8B6309CC255AE47200B89E59 /* sample */;
			targetProxy = 8B6309EF255AE47300B89E59 /* PBXContainerItemProxy */;
		};
/* End PBXTargetDependency section */

/* Begin PBXVariantGroup section */
		8B6309D6255AE47200B89E59 /* Main.storyboard */ = {
			isa = PBXVariantGroup;
			children = (
				8B6309D7255AE47200B89E59 /* Base */,
			);
			name = Main.storyboard;
			sourceTree = "<group>";
		};
		8B6309DB255AE47300B89E59 /* LaunchScreen.storyboard */ = {
			isa = PBXVariantGroup;
			children = (
				8B6309DC255AE47300B89E59 /* Base */,
			);
			name = LaunchScreen.storyboard;
			sourceTree = "<group>";
		};
/* End PBXVariantGroup section */

/* Begin XCBuildConfiguration section */
		8B6309F5255AE47300B89E59 /* Debug */ = {
			isa = XCBuildConfiguration;
			buildSettings = {
				ALWAYS_SEARCH_USER_PATHS = NO;
				CLANG_ANALYZER_NONNULL = YES;
				CLANG_ANALYZER_NUMBER_OBJECT_CONVERSION = YES_AGGRESSIVE;
				CLANG_CXX_LANGUAGE_STANDARD = "gnu++14";
				CLANG_CXX_LIBRARY = "libc++";
				CLANG_ENABLE_MODULES = YES;
				CLANG_ENABLE_OBJC_ARC = YES;
				CLANG_ENABLE_OBJC_WEAK = YES;
				CLANG_WARN_BLOCK_CAPTURE_AUTORELEASING = YES;
				CLANG_WARN_BOOL_CONVERSION = YES;
				CLANG_WARN_COMMA = YES;
				CLANG_WARN_CONSTANT_CONVERSION = YES;
				CLANG_WARN_DEPRECATED_OBJC_IMPLEMENTATIONS = YES;
				CLANG_WARN_DIRECT_OBJC_ISA_USAGE = YES_ERROR;
				CLANG_WARN_DOCUMENTATION_COMMENTS = YES;
				CLANG_WARN_EMPTY_BODY = YES;
				CLANG_WARN_ENUM_CONVERSION = YES;
				CLANG_WARN_INFINITE_RECURSION = YES;
				CLANG_WARN_INT_CONVERSION = YES;
				CLANG_WARN_NON_LITERAL_NULL_CONVERSION = YES;
				CLANG_WARN_OBJC_IMPLICIT_RETAIN_SELF = YES;
				CLANG_WARN_OBJC_LITERAL_CONVERSION = YES;
				CLANG_WARN_OBJC_ROOT_CLASS = YES_ERROR;
				CLANG_WARN_QUOTED_INCLUDE_IN_FRAMEWORK_HEADER = YES;
				CLANG_WARN_RANGE_LOOP_ANALYSIS = YES;
				CLANG_WARN_STRICT_PROTOTYPES = YES;
				CLANG_WARN_SUSPICIOUS_MOVE = YES;
				CLANG_WARN_UNGUARDED_AVAILABILITY = YES_AGGRESSIVE;
				CLANG_WARN_UNREACHABLE_CODE = YES;
				CLANG_WARN__DUPLICATE_METHOD_MATCH = YES;
				COPY_PHASE_STRIP = NO;
				DEBUG_INFORMATION_FORMAT = dwarf;
				ENABLE_STRICT_OBJC_MSGSEND = YES;
				ENABLE_TESTABILITY = YES;
				GCC_C_LANGUAGE_STANDARD = gnu11;
				GCC_DYNAMIC_NO_PIC = NO;
				GCC_NO_COMMON_BLOCKS = YES;
				GCC_OPTIMIZATION_LEVEL = 0;
				GCC_PREPROCESSOR_DEFINITIONS = (
					"DEBUG=1",
					"$(inherited)",
				);
				GCC_WARN_64_TO_32_BIT_CONVERSION = YES;
				GCC_WARN_ABOUT_RETURN_TYPE = YES_ERROR;
				GCC_WARN_UNDECLARED_SELECTOR = YES;
				GCC_WARN_UNINITIALIZED_AUTOS = YES_AGGRESSIVE;
				GCC_WARN_UNUSED_FUNCTION = YES;
				GCC_WARN_UNUSED_VARIABLE = YES;
				IPHONEOS_DEPLOYMENT_TARGET = 14.1;
				MTL_ENABLE_DEBUG_INFO = INCLUDE_SOURCE;
				MTL_FAST_MATH = YES;
				ONLY_ACTIVE_ARCH = YES;
				SDKROOT = iphoneos;
				SWIFT_ACTIVE_COMPILATION_CONDITIONS = DEBUG;
				SWIFT_OPTIMIZATION_LEVEL = "-Onone";
			};
			name = Debug;
		};
		8B6309F6255AE47300B89E59 /* Release */ = {
			isa = XCBuildConfiguration;
			buildSettings = {
				ALWAYS_SEARCH_USER_PATHS = NO;
				CLANG_ANALYZER_NONNULL = YES;
				CLANG_ANALYZER_NUMBER_OBJECT_CONVERSION = YES_AGGRESSIVE;
				CLANG_CXX_LANGUAGE_STANDARD = "gnu++14";
				CLANG_CXX_LIBRARY = "libc++";
				CLANG_ENABLE_MODULES = YES;
				CLANG_ENABLE_OBJC_ARC = YES;
				CLANG_ENABLE_OBJC_WEAK = YES;
				CLANG_WARN_BLOCK_CAPTURE_AUTORELEASING = YES;
				CLANG_WARN_BOOL_CONVERSION = YES;
				CLANG_WARN_COMMA = YES;
				CLANG_WARN_CONSTANT_CONVERSION = YES;
				CLANG_WARN_DEPRECATED_OBJC_IMPLEMENTATIONS = YES;
				CLANG_WARN_DIRECT_OBJC_ISA_USAGE = YES_ERROR;
				CLANG_WARN_DOCUMENTATION_COMMENTS = YES;
				CLANG_WARN_EMPTY_BODY = YES;
				CLANG_WARN_ENUM_CONVERSION = YES;
				CLANG_WARN_INFINITE_RECURSION = YES;
				CLANG_WARN_INT_CONVERSION = YES;
				CLANG_WARN_NON_LITERAL_NULL_CONVERSION = YES;
				CLANG_WARN_OBJC_IMPLICIT_RETAIN_SELF = YES;
				CLANG_WARN_OBJC_LITERAL_CONVERSION = YES;
				CLANG_WARN_OBJC_ROOT_CLASS = YES_ERROR;
				CLANG_WARN_QUOTED_INCLUDE_IN_FRAMEWORK_HEADER = YES;
				CLANG_WARN_RANGE_LOOP_ANALYSIS = YES;
				CLANG_WARN_STRICT_PROTOTYPES = YES;
				CLANG_WARN_SUSPICIOUS_MOVE = YES;
				CLANG_WARN_UNGUARDED_AVAILABILITY = YES_AGGRESSIVE;
				CLANG_WARN_UNREACHABLE_CODE = YES;
				CLANG_WARN__DUPLICATE_METHOD_MATCH = YES;
				COPY_PHASE_STRIP = NO;
				DEBUG_INFORMATION_FORMAT = "dwarf-with-dsym";
				ENABLE_NS_ASSERTIONS = NO;
				ENABLE_STRICT_OBJC_MSGSEND = YES;
				GCC_C_LANGUAGE_STANDARD = gnu11;
				GCC_NO_COMMON_BLOCKS = YES;
				GCC_WARN_64_TO_32_BIT_CONVERSION = YES;
				GCC_WARN_ABOUT_RETURN_TYPE = YES_ERROR;
				GCC_WARN_UNDECLARED_SELECTOR = YES;
				GCC_WARN_UNINITIALIZED_AUTOS = YES_AGGRESSIVE;
				GCC_WARN_UNUSED_FUNCTION = YES;
				GCC_WARN_UNUSED_VARIABLE = YES;
				IPHONEOS_DEPLOYMENT_TARGET = 14.1;
				MTL_ENABLE_DEBUG_INFO = NO;
				MTL_FAST_MATH = YES;
				SDKROOT = iphoneos;
				SWIFT_COMPILATION_MODE = wholemodule;
				SWIFT_OPTIMIZATION_LEVEL = "-O";
				VALIDATE_PRODUCT = YES;
			};
			name = Release;
		};
		8B6309F8255AE47300B89E59 /* Debug */ = {
			isa = XCBuildConfiguration;
			buildSettings = {
				ASSETCATALOG_COMPILER_APPICON_NAME = AppIcon;
				ASSETCATALOG_COMPILER_GLOBAL_ACCENT_COLOR_NAME = AccentColor;
				CODE_SIGN_STYLE = Automatic;
				INFOPLIST_FILE = sample/Info.plist;
				LD_RUNPATH_SEARCH_PATHS = (
					"$(inherited)",
					"@executable_path/Frameworks",
				);
				PRODUCT_BUNDLE_IDENTIFIER = com.hotmail.hudifu316.sample;
				PRODUCT_NAME = "$(TARGET_NAME)";
				SWIFT_VERSION = 5.0;
				TARGETED_DEVICE_FAMILY = "1,2";
			};
			name = Debug;
		};
		8B6309F9255AE47300B89E59 /* Release */ = {
			isa = XCBuildConfiguration;
			buildSettings = {
				ASSETCATALOG_COMPILER_APPICON_NAME = AppIcon;
				ASSETCATALOG_COMPILER_GLOBAL_ACCENT_COLOR_NAME = AccentColor;
				CODE_SIGN_STYLE = Automatic;
				INFOPLIST_FILE = sample/Info.plist;
				LD_RUNPATH_SEARCH_PATHS = (
					"$(inherited)",
					"@executable_path/Frameworks",
				);
				PRODUCT_BUNDLE_IDENTIFIER = com.hotmail.hudifu316.sample;
				PRODUCT_NAME = "$(TARGET_NAME)";
				SWIFT_VERSION = 5.0;
				TARGETED_DEVICE_FAMILY = "1,2";
			};
			name = Release;
		};
		8B6309FB255AE47300B89E59 /* Debug */ = {
			isa = XCBuildConfiguration;
			buildSettings = {
				ALWAYS_EMBED_SWIFT_STANDARD_LIBRARIES = YES;
				BUNDLE_LOADER = "$(TEST_HOST)";
				CODE_SIGN_STYLE = Automatic;
				INFOPLIST_FILE = sampleTests/Info.plist;
				IPHONEOS_DEPLOYMENT_TARGET = 14.1;
				LD_RUNPATH_SEARCH_PATHS = (
					"$(inherited)",
					"@executable_path/Frameworks",
					"@loader_path/Frameworks",
				);
				PRODUCT_BUNDLE_IDENTIFIER = com.hotmail.hudifu316.sampleTests;
				PRODUCT_NAME = "$(TARGET_NAME)";
				SWIFT_VERSION = 5.0;
				TARGETED_DEVICE_FAMILY = "1,2";
				TEST_HOST = "$(BUILT_PRODUCTS_DIR)/sample.app/sample";
			};
			name = Debug;
		};
		8B6309FC255AE47300B89E59 /* Release */ = {
			isa = XCBuildConfiguration;
			buildSettings = {
				ALWAYS_EMBED_SWIFT_STANDARD_LIBRARIES = YES;
				BUNDLE_LOADER = "$(TEST_HOST)";
				CODE_SIGN_STYLE = Automatic;
				INFOPLIST_FILE = sampleTests/Info.plist;
				IPHONEOS_DEPLOYMENT_TARGET = 14.1;
				LD_RUNPATH_SEARCH_PATHS = (
					"$(inherited)",
					"@executable_path/Frameworks",
					"@loader_path/Frameworks",
				);
				PRODUCT_BUNDLE_IDENTIFIER = com.hotmail.hudifu316.sampleTests;
				PRODUCT_NAME = "$(TARGET_NAME)";
				SWIFT_VERSION = 5.0;
				TARGETED_DEVICE_FAMILY = "1,2";
				TEST_HOST = "$(BUILT_PRODUCTS_DIR)/sample.app/sample";
			};
			name = Release;
		};
		8B6309FE255AE47300B89E59 /* Debug */ = {
			isa = XCBuildConfiguration;
			buildSettings = {
				ALWAYS_EMBED_SWIFT_STANDARD_LIBRARIES = YES;
				CODE_SIGN_STYLE = Automatic;
				INFOPLIST_FILE = sampleUITests/Info.plist;
				LD_RUNPATH_SEARCH_PATHS = (
					"$(inherited)",
					"@executable_path/Frameworks",
					"@loader_path/Frameworks",
				);
				PRODUCT_BUNDLE_IDENTIFIER = com.hotmail.hudifu316.sampleUITests;
				PRODUCT_NAME = "$(TARGET_NAME)";
				SWIFT_VERSION = 5.0;
				TARGETED_DEVICE_FAMILY = "1,2";
				TEST_TARGET_NAME = sample;
			};
			name = Debug;
		};
		8B6309FF255AE47300B89E59 /* Release */ = {
			isa = XCBuildConfiguration;
			buildSettings = {
				ALWAYS_EMBED_SWIFT_STANDARD_LIBRARIES = YES;
				CODE_SIGN_STYLE = Automatic;
				INFOPLIST_FILE = sampleUITests/Info.plist;
				LD_RUNPATH_SEARCH_PATHS = (
					"$(inherited)",
					"@executable_path/Frameworks",
					"@loader_path/Frameworks",
				);
				PRODUCT_BUNDLE_IDENTIFIER = com.hotmail.hudifu316.sampleUITests;
				PRODUCT_NAME = "$(TARGET_NAME)";
				SWIFT_VERSION = 5.0;
				TARGETED_DEVICE_FAMILY = "1,2";
				TEST_TARGET_NAME = sample;
			};
			name = Release;
		};
/* End XCBuildConfiguration section */

/* Begin XCConfigurationList section */
		8B6309C8255AE47200B89E59 /* Build configuration list for PBXProject "sample" */ = {
			isa = XCConfigurationList;
			buildConfigurations = (
				8B6309F5255AE47300B89E59 /* Debug */,
				8B6309F6255AE47300B89E59 /* Release */,
			);
			defaultConfigurationIsVisible = 0;
			defaultConfigurationName = Release;
		};
		8B6309F7255AE47300B89E59 /* Build configuration list for PBXNativeTarget "sample" */ = {
			isa = XCConfigurationList;
			buildConfigurations = (
				8B6309F8255AE47300B89E59 /* Debug */,
				8B6309F9255AE47300B89E59 /* Release */,
			);
			defaultConfigurationIsVisible = 0;
			defaultConfigurationName = Release;
		};
		8B6309FA255AE47300B89E59 /* Build configuration list for PBXNativeTarget "sampleTests" */ = {
			isa = XCConfigurationList;
			buildConfigurations = (
				8B6309FB255AE47300B89E59 /* Debug */,
				8B6309FC255AE47300B89E59 /* Release */,
			);
			defaultConfigurationIsVisible = 0;
			defaultConfigurationName = Release;
		};
		8B6309FD255AE47300B89E59 /* Build configuration list for PBXNativeTarget "sampleUITests" */ = {
			isa = XCConfigurationList;
			buildConfigurations = (
				8B6309FE255AE47300B89E59 /* Debug */,
				8B6309FF255AE47300B89E59 /* Release */,
			);
			defaultConfigurationIsVisible = 0;
			defaultConfigurationName = Release;
		};
/* End XCConfigurationList section */
	};
	rootObject = 8B6309C5255AE47200B89E59 /* Project object */;
}
